
Microsoft Visual Studio Solution File, Format Version 12.00
# Visual Studio Version 17
VisualStudioVersion = 17.9.34728.123
MinimumVisualStudioVersion = 10.0.40219.1
Project("{FAE04EC0-301F-11D3-BF4B-00C04F79EFBC}") = "Project_qlsv", "Project_qlsv.csproj", "{ADFA0DCD-7B99-41FB-AEC4-559A6A6DB212}"
EndProject
Global
	GlobalSection(SolutionConfigurationPlatforms) = preSolution
		Debug|Any CPU = Debug|Any CPU
		Release|Any CPU = Release|Any CPU
	EndGlobalSection
	GlobalSection(ProjectConfigurationPlatforms) = postSolution
		{ADFA0DCD-7B99-41FB-AEC4-559A6A6DB212}.Debug|Any CPU.ActiveCfg = Debug|Any CPU
		{ADFA0DCD-7B99-41FB-AEC4-559A6A6DB212}.Debug|Any CPU.Build.0 = Debug|Any CPU
		{ADFA0DCD-7B99-41FB-AEC4-559A6A6DB212}.Release|Any CPU.ActiveCfg = Release|Any CPU
		{ADFA0DCD-7B99-41FB-AEC4-559A6A6DB212}.Release|Any CPU.Build.0 = Release|Any CPU
	EndGlobalSection
	GlobalSection(SolutionProperties) = preSolution
		HideSolutionNode = FALSE
	EndGlobalSection
	GlobalSection(ExtensibilityGlobals) = postSolution
		SolutionGuid = {FC6294D6-A14B-49D6-B1E0-20993394FE1B}
	EndGlobalSection
EndGlobal
